{
	"name": "w0s.jp-public",
	"version": "1.0.0",
	"lockfileVersion": 2,
	"requires": true,
	"packages": {
		"": {
			"name": "w0s.jp-public",
			"version": "1.0.0",
			"dependencies": {
				"@saekitominaga/closest-html-page": "^1.0.4",
				"@saekitominaga/customelements-button-checkboxes-ctrl": "^1.1.3",
				"@saekitominaga/customelements-button-clipboard": "^1.1.3",
				"@saekitominaga/customelements-button-confirm": "^1.1.3",
				"@saekitominaga/customelements-button-media-sameplay": "^1.1.3",
				"@saekitominaga/customelements-button-share": "^1.2.1",
				"@saekitominaga/customelements-details-animation": "^2.2.1",
				"@saekitominaga/customelements-input-date-totext": "^1.1.3",
				"@saekitominaga/customelements-input-switch": "^2.3.2",
				"@saekitominaga/customelements-portal": "^2.4.0",
				"@saekitominaga/customelements-tab": "^1.6.4",
				"@saekitominaga/customelements-textarea-autoheight": "^1.1.3",
				"@saekitominaga/customelements-tooltip-trigger": "^2.1.1",
				"@saekitominaga/htmlformcontrolelement-validation": "^2.0.1",
				"@saekitominaga/htmlformelement-before-unload-confirm": "^1.2.3",
				"@saekitominaga/htmlformelement-submit-overlay": "^2.0.1",
				"@saekitominaga/htmltablecellelement-ditto": "^1.1.6",
				"@saekitominaga/isbn-verify": "^1.5.1",
				"@saekitominaga/paapi-item-image-url-parser": "^2.2.4",
				"@saekitominaga/report-js-error": "^1.2.2",
				"@saekitominaga/report-same-referrer": "^1.1.2",
				"@saekitominaga/string-convert": "^1.0.4",
				"@saekitominaga/string-escape-html": "^1.0.5"
			}
		},
		"node_modules/@saekitominaga/closest-html-page": {
			"version": "1.0.4",
			"resolved": "https://registry.npmjs.org/@saekitominaga/closest-html-page/-/closest-html-page-1.0.4.tgz",
			"integrity": "sha512-ocdN+xN878npMBuxdKVcJx8cVKEsmL34H+icl7hU0d/z8EVHJA59gWFXr5EuyC9Iw2A+QivXP7nNPWLUgQwgog==",
			"dependencies": {
				"@saekitominaga/mime-parser": "^1.2.1"
			}
		},
		"node_modules/@saekitominaga/customelements-button-checkboxes-ctrl": {
			"version": "1.1.3",
			"resolved": "https://registry.npmjs.org/@saekitominaga/customelements-button-checkboxes-ctrl/-/customelements-button-checkboxes-ctrl-1.1.3.tgz",
			"integrity": "sha512-VrrTpfg0Y4GUWGWXvdDLiEswsuTYNgWBompy30NFEa9i28yAekCJv4fL+g/cTJbYXNn41vAXmo4iZaAu24EvVw=="
		},
		"node_modules/@saekitominaga/customelements-button-clipboard": {
			"version": "1.1.3",
			"resolved": "https://registry.npmjs.org/@saekitominaga/customelements-button-clipboard/-/customelements-button-clipboard-1.1.3.tgz",
			"integrity": "sha512-1ShyDEsqt4agpfJum/UgCfSeOQi6/4zIATdt1KroBv6MEaAJKTu1yMKn2lCU7ZFpChBz20pRsCtv1pyuoCaTwA=="
		},
		"node_modules/@saekitominaga/customelements-button-confirm": {
			"version": "1.1.3",
			"resolved": "https://registry.npmjs.org/@saekitominaga/customelements-button-confirm/-/customelements-button-confirm-1.1.3.tgz",
			"integrity": "sha512-Da9F/EvvkOfFureQ9pSN2R3dpdS7FfWqwqCqzk65KndZk2WpaoCmsm9dSsiD5OYYm6ahIdgLTnNi6UkJ3zW1sQ=="
		},
		"node_modules/@saekitominaga/customelements-button-media-sameplay": {
			"version": "1.1.3",
			"resolved": "https://registry.npmjs.org/@saekitominaga/customelements-button-media-sameplay/-/customelements-button-media-sameplay-1.1.3.tgz",
			"integrity": "sha512-bBlbSK7MZZIdXni3DeHzDlkYWxnHjf+NIVkB6quMetf2mKsMdMj3oZnQjZ4qtPQ+dCgEfMaPRhi0e5TJW4WW+Q=="
		},
		"node_modules/@saekitominaga/customelements-button-share": {
			"version": "1.2.1",
			"resolved": "https://registry.npmjs.org/@saekitominaga/customelements-button-share/-/customelements-button-share-1.2.1.tgz",
			"integrity": "sha512-+jpdfyozngGC1gnE7UEQa4Do48QSqq6lEOux54Bn7m7MEat6E+U5kPCY+igsMEE83WxCGo8QShG9FZMbLov/kg=="
		},
		"node_modules/@saekitominaga/customelements-details-animation": {
			"version": "2.2.1",
			"resolved": "https://registry.npmjs.org/@saekitominaga/customelements-details-animation/-/customelements-details-animation-2.2.1.tgz",
			"integrity": "sha512-uGldbDs2Bx+CmCLeEDtg45QyT69pvj9z9oqjpY1nqSi96nlEJ6XuyAWFMsIUfGqtRPBckRDPYLd5Rk6xJwHPfQ=="
		},
		"node_modules/@saekitominaga/customelements-input-date-totext": {
			"version": "1.1.3",
			"resolved": "https://registry.npmjs.org/@saekitominaga/customelements-input-date-totext/-/customelements-input-date-totext-1.1.3.tgz",
			"integrity": "sha512-3IVUZDThnmnJTasi1zZa1OQZpBb+DQQwSn0WIEcO5DYgmiKTeziOmqVDqLLnz7kOpRclUG8IRnLKFuZDuhGdag=="
		},
		"node_modules/@saekitominaga/customelements-input-switch": {
			"version": "2.3.2",
			"resolved": "https://registry.npmjs.org/@saekitominaga/customelements-input-switch/-/customelements-input-switch-2.3.2.tgz",
			"integrity": "sha512-29VjJu3xKN7p7sE1HzL6cWvgvai7m96Wab+s9nBqzC7j6x8odLrk6LYkB457rS4iYLzcd+imk5eOZ+SFKznreA=="
		},
		"node_modules/@saekitominaga/customelements-portal": {
			"version": "2.4.0",
			"resolved": "https://registry.npmjs.org/@saekitominaga/customelements-portal/-/customelements-portal-2.4.0.tgz",
			"integrity": "sha512-yUeGn+5h+9jrdGAJ5Mks0UDpVKt5Q6/Fdn5AxzC1yZfk7qgbJShKUw9FoItwqrMmDrnBYtT0CSc5kfE/ipvX0w=="
		},
		"node_modules/@saekitominaga/customelements-tab": {
			"version": "1.6.4",
			"resolved": "https://registry.npmjs.org/@saekitominaga/customelements-tab/-/customelements-tab-1.6.4.tgz",
			"integrity": "sha512-3YsWXsYsTTZ4R89w8NmzvBq1eygFOGZ5pEUtIvhxz+SWub4b5dh+lhn8e/rL9VTQWBBEPe4PINmVH0zvYPKB9Q=="
		},
		"node_modules/@saekitominaga/customelements-textarea-autoheight": {
			"version": "1.1.3",
			"resolved": "https://registry.npmjs.org/@saekitominaga/customelements-textarea-autoheight/-/customelements-textarea-autoheight-1.1.3.tgz",
			"integrity": "sha512-mx6jIXcKDNu+jsB6r8XlZE2X0JXErV3bLAohv9yVh3dsMQTt43o+XnsKTk97CZSlx+xs7Nr+631lhsIrhXEHhA=="
		},
		"node_modules/@saekitominaga/customelements-tooltip-trigger": {
			"version": "2.1.1",
			"resolved": "https://registry.npmjs.org/@saekitominaga/customelements-tooltip-trigger/-/customelements-tooltip-trigger-2.1.1.tgz",
			"integrity": "sha512-jswyFgeLOXev55z5mhjPv+b4LMrvQK+0Av41HdlNz1Y7NpEP8i1fiu8D64T8DmLZh8c+RatHqrljE2kLT8Q4Lw=="
		},
		"node_modules/@saekitominaga/htmlelement-text": {
			"version": "1.2.2",
			"resolved": "https://registry.npmjs.org/@saekitominaga/htmlelement-text/-/htmlelement-text-1.2.2.tgz",
			"integrity": "sha512-nzp4AJYEF3Vcw2wpPEq3qyyonE+ceHZeSQ64cYmvD0O8xqLBCWya9djgD6rZ+5bzbAnZARqi6pMMvpDqstINKA=="
		},
		"node_modules/@saekitominaga/htmlformcontrolelement-validation": {
			"version": "2.0.1",
			"resolved": "https://registry.npmjs.org/@saekitominaga/htmlformcontrolelement-validation/-/htmlformcontrolelement-validation-2.0.1.tgz",
			"integrity": "sha512-tb835d4JPLSln+k3GFaJTh6lHik8LaVA3/Z7xzBJ88ejbAJhV6vF5eYTIFe+zabEeIV3SYhf8NLbBDz0DBdf3A=="
		},
		"node_modules/@saekitominaga/htmlformelement-before-unload-confirm": {
			"version": "1.2.3",
			"resolved": "https://registry.npmjs.org/@saekitominaga/htmlformelement-before-unload-confirm/-/htmlformelement-before-unload-confirm-1.2.3.tgz",
			"integrity": "sha512-o8WmIdR6PYFZaTTdmf4fA5+XAAVvSIFgVPTEd0Mp7unAOCUzITIJE/m+nNF+KJEamFFzt9JO2Nxmik66KR56MQ=="
		},
		"node_modules/@saekitominaga/htmlformelement-submit-overlay": {
			"version": "2.0.1",
			"resolved": "https://registry.npmjs.org/@saekitominaga/htmlformelement-submit-overlay/-/htmlformelement-submit-overlay-2.0.1.tgz",
			"integrity": "sha512-bRjhVDnUijfK15rDnSkxiKC1Dn/P3tBhq+yxuY0U/DT4/tgHcguwdRxYQyoQJO3m2LiNd0Af46919shqPLe8Nw=="
		},
		"node_modules/@saekitominaga/htmltablecellelement-ditto": {
			"version": "1.1.6",
			"resolved": "https://registry.npmjs.org/@saekitominaga/htmltablecellelement-ditto/-/htmltablecellelement-ditto-1.1.6.tgz",
			"integrity": "sha512-kIqAS/wo/gJu73cAi0dvkMIRuvrEVRVzLqmrXKk748dDelyfJ7vkbAMkxv90xqkqRUR+0359MaKrHP066z9VKg==",
			"dependencies": {
				"@saekitominaga/htmlelement-text": "^1.2.2"
			}
		},
		"node_modules/@saekitominaga/isbn-verify": {
			"version": "1.5.1",
			"resolved": "https://registry.npmjs.org/@saekitominaga/isbn-verify/-/isbn-verify-1.5.1.tgz",
			"integrity": "sha512-d3hqP7Wm4x6OUGu258FRR5HOV5tY2poESYvGi14lmknDvAF4RTWJPbmTkzTL4GcjrEvjXwJ8Pjcvhiwo/eRX+Q=="
		},
		"node_modules/@saekitominaga/mime-parser": {
			"version": "1.2.1",
			"resolved": "https://registry.npmjs.org/@saekitominaga/mime-parser/-/mime-parser-1.2.1.tgz",
			"integrity": "sha512-vsLYbYWcM0/LoZQL5/8b3UX80DvTlcEE5Un9i4cMqeekn/mM3f+K++tBSU1bwLBmNK/FJ9YEuc63u2dvK6UDpg=="
		},
		"node_modules/@saekitominaga/paapi-item-image-url-parser": {
			"version": "2.2.4",
			"resolved": "https://registry.npmjs.org/@saekitominaga/paapi-item-image-url-parser/-/paapi-item-image-url-parser-2.2.4.tgz",
			"integrity": "sha512-BWpM66tfEtfvlehmh9/Orx3NBkDMUjSIpOrZ8AGeKcNDNaroHpmx29Rp3AhItvV6hNBnEBCgSpWjiWD+TUx2uA=="
		},
		"node_modules/@saekitominaga/report-js-error": {
			"version": "1.2.2",
			"resolved": "https://registry.npmjs.org/@saekitominaga/report-js-error/-/report-js-error-1.2.2.tgz",
			"integrity": "sha512-5nJuKiPa1rNBTSB8ElXZdYXVXqDxpD7v0Czt67cW4RWOCJLUXQwS6JymUCmcdL3lzf4ICtFyKSNc+lhCDH3K4g=="
		},
		"node_modules/@saekitominaga/report-same-referrer": {
			"version": "1.1.2",
			"resolved": "https://registry.npmjs.org/@saekitominaga/report-same-referrer/-/report-same-referrer-1.1.2.tgz",
			"integrity": "sha512-R+TloXJWyz9Uxh5PZScLMPbaKXIZOwLrHeL+yP7u/k2jOlOJXXK4fIT6Lm5+j+3S0IxuSBDdl0rugE4Rye46kQ=="
		},
		"node_modules/@saekitominaga/string-convert": {
			"version": "1.0.4",
			"resolved": "https://registry.npmjs.org/@saekitominaga/string-convert/-/string-convert-1.0.4.tgz",
			"integrity": "sha512-wxJTphXpR7WfGYWmwWnoalcMWEkcpHSvEsdk6GsSZrT/JPnGk5zx/cVMkW55nbxUbIQ7XS45TOZqoYx8LXOIWw=="
		},
		"node_modules/@saekitominaga/string-escape-html": {
			"version": "1.0.5",
			"resolved": "https://registry.npmjs.org/@saekitominaga/string-escape-html/-/string-escape-html-1.0.5.tgz",
			"integrity": "sha512-PK5tUcAo74WEvZGxwl0WQyrVpSqXKQms7mMoqG1a3viSIN/dGppMgLr+Ug1qI5docwagiqO0Rf0N8YyM5/xxdw=="
		}
	},
	"dependencies": {
		"@saekitominaga/closest-html-page": {
			"version": "1.0.4",
			"resolved": "https://registry.npmjs.org/@saekitominaga/closest-html-page/-/closest-html-page-1.0.4.tgz",
			"integrity": "sha512-ocdN+xN878npMBuxdKVcJx8cVKEsmL34H+icl7hU0d/z8EVHJA59gWFXr5EuyC9Iw2A+QivXP7nNPWLUgQwgog==",
			"requires": {
				"@saekitominaga/mime-parser": "^1.2.1"
			}
		},
		"@saekitominaga/customelements-button-checkboxes-ctrl": {
			"version": "1.1.3",
			"resolved": "https://registry.npmjs.org/@saekitominaga/customelements-button-checkboxes-ctrl/-/customelements-button-checkboxes-ctrl-1.1.3.tgz",
			"integrity": "sha512-VrrTpfg0Y4GUWGWXvdDLiEswsuTYNgWBompy30NFEa9i28yAekCJv4fL+g/cTJbYXNn41vAXmo4iZaAu24EvVw=="
		},
		"@saekitominaga/customelements-button-clipboard": {
			"version": "1.1.3",
			"resolved": "https://registry.npmjs.org/@saekitominaga/customelements-button-clipboard/-/customelements-button-clipboard-1.1.3.tgz",
			"integrity": "sha512-1ShyDEsqt4agpfJum/UgCfSeOQi6/4zIATdt1KroBv6MEaAJKTu1yMKn2lCU7ZFpChBz20pRsCtv1pyuoCaTwA=="
		},
		"@saekitominaga/customelements-button-confirm": {
			"version": "1.1.3",
			"resolved": "https://registry.npmjs.org/@saekitominaga/customelements-button-confirm/-/customelements-button-confirm-1.1.3.tgz",
			"integrity": "sha512-Da9F/EvvkOfFureQ9pSN2R3dpdS7FfWqwqCqzk65KndZk2WpaoCmsm9dSsiD5OYYm6ahIdgLTnNi6UkJ3zW1sQ=="
		},
		"@saekitominaga/customelements-button-media-sameplay": {
			"version": "1.1.3",
			"resolved": "https://registry.npmjs.org/@saekitominaga/customelements-button-media-sameplay/-/customelements-button-media-sameplay-1.1.3.tgz",
			"integrity": "sha512-bBlbSK7MZZIdXni3DeHzDlkYWxnHjf+NIVkB6quMetf2mKsMdMj3oZnQjZ4qtPQ+dCgEfMaPRhi0e5TJW4WW+Q=="
		},
		"@saekitominaga/customelements-button-share": {
			"version": "1.2.1",
			"resolved": "https://registry.npmjs.org/@saekitominaga/customelements-button-share/-/customelements-button-share-1.2.1.tgz",
			"integrity": "sha512-+jpdfyozngGC1gnE7UEQa4Do48QSqq6lEOux54Bn7m7MEat6E+U5kPCY+igsMEE83WxCGo8QShG9FZMbLov/kg=="
		},
		"@saekitominaga/customelements-details-animation": {
			"version": "2.2.1",
			"resolved": "https://registry.npmjs.org/@saekitominaga/customelements-details-animation/-/customelements-details-animation-2.2.1.tgz",
			"integrity": "sha512-uGldbDs2Bx+CmCLeEDtg45QyT69pvj9z9oqjpY1nqSi96nlEJ6XuyAWFMsIUfGqtRPBckRDPYLd5Rk6xJwHPfQ=="
		},
		"@saekitominaga/customelements-input-date-totext": {
			"version": "1.1.3",
			"resolved": "https://registry.npmjs.org/@saekitominaga/customelements-input-date-totext/-/customelements-input-date-totext-1.1.3.tgz",
			"integrity": "sha512-3IVUZDThnmnJTasi1zZa1OQZpBb+DQQwSn0WIEcO5DYgmiKTeziOmqVDqLLnz7kOpRclUG8IRnLKFuZDuhGdag=="
		},
		"@saekitominaga/customelements-input-switch": {
			"version": "2.3.2",
			"resolved": "https://registry.npmjs.org/@saekitominaga/customelements-input-switch/-/customelements-input-switch-2.3.2.tgz",
			"integrity": "sha512-29VjJu3xKN7p7sE1HzL6cWvgvai7m96Wab+s9nBqzC7j6x8odLrk6LYkB457rS4iYLzcd+imk5eOZ+SFKznreA=="
		},
		"@saekitominaga/customelements-portal": {
			"version": "2.4.0",
			"resolved": "https://registry.npmjs.org/@saekitominaga/customelements-portal/-/customelements-portal-2.4.0.tgz",
			"integrity": "sha512-yUeGn+5h+9jrdGAJ5Mks0UDpVKt5Q6/Fdn5AxzC1yZfk7qgbJShKUw9FoItwqrMmDrnBYtT0CSc5kfE/ipvX0w=="
		},
		"@saekitominaga/customelements-tab": {
			"version": "1.6.4",
			"resolved": "https://registry.npmjs.org/@saekitominaga/customelements-tab/-/customelements-tab-1.6.4.tgz",
			"integrity": "sha512-3YsWXsYsTTZ4R89w8NmzvBq1eygFOGZ5pEUtIvhxz+SWub4b5dh+lhn8e/rL9VTQWBBEPe4PINmVH0zvYPKB9Q=="
		},
		"@saekitominaga/customelements-textarea-autoheight": {
			"version": "1.1.3",
			"resolved": "https://registry.npmjs.org/@saekitominaga/customelements-textarea-autoheight/-/customelements-textarea-autoheight-1.1.3.tgz",
			"integrity": "sha512-mx6jIXcKDNu+jsB6r8XlZE2X0JXErV3bLAohv9yVh3dsMQTt43o+XnsKTk97CZSlx+xs7Nr+631lhsIrhXEHhA=="
		},
		"@saekitominaga/customelements-tooltip-trigger": {
			"version": "2.1.1",
			"resolved": "https://registry.npmjs.org/@saekitominaga/customelements-tooltip-trigger/-/customelements-tooltip-trigger-2.1.1.tgz",
			"integrity": "sha512-jswyFgeLOXev55z5mhjPv+b4LMrvQK+0Av41HdlNz1Y7NpEP8i1fiu8D64T8DmLZh8c+RatHqrljE2kLT8Q4Lw=="
		},
		"@saekitominaga/htmlelement-text": {
			"version": "1.2.2",
			"resolved": "https://registry.npmjs.org/@saekitominaga/htmlelement-text/-/htmlelement-text-1.2.2.tgz",
			"integrity": "sha512-nzp4AJYEF3Vcw2wpPEq3qyyonE+ceHZeSQ64cYmvD0O8xqLBCWya9djgD6rZ+5bzbAnZARqi6pMMvpDqstINKA=="
		},
		"@saekitominaga/htmlformcontrolelement-validation": {
			"version": "2.0.1",
			"resolved": "https://registry.npmjs.org/@saekitominaga/htmlformcontrolelement-validation/-/htmlformcontrolelement-validation-2.0.1.tgz",
			"integrity": "sha512-tb835d4JPLSln+k3GFaJTh6lHik8LaVA3/Z7xzBJ88ejbAJhV6vF5eYTIFe+zabEeIV3SYhf8NLbBDz0DBdf3A=="
		},
		"@saekitominaga/htmlformelement-before-unload-confirm": {
			"version": "1.2.3",
			"resolved": "https://registry.npmjs.org/@saekitominaga/htmlformelement-before-unload-confirm/-/htmlformelement-before-unload-confirm-1.2.3.tgz",
			"integrity": "sha512-o8WmIdR6PYFZaTTdmf4fA5+XAAVvSIFgVPTEd0Mp7unAOCUzITIJE/m+nNF+KJEamFFzt9JO2Nxmik66KR56MQ=="
		},
		"@saekitominaga/htmlformelement-submit-overlay": {
			"version": "2.0.1",
			"resolved": "https://registry.npmjs.org/@saekitominaga/htmlformelement-submit-overlay/-/htmlformelement-submit-overlay-2.0.1.tgz",
			"integrity": "sha512-bRjhVDnUijfK15rDnSkxiKC1Dn/P3tBhq+yxuY0U/DT4/tgHcguwdRxYQyoQJO3m2LiNd0Af46919shqPLe8Nw=="
		},
		"@saekitominaga/htmltablecellelement-ditto": {
			"version": "1.1.6",
			"resolved": "https://registry.npmjs.org/@saekitominaga/htmltablecellelement-ditto/-/htmltablecellelement-ditto-1.1.6.tgz",
			"integrity": "sha512-kIqAS/wo/gJu73cAi0dvkMIRuvrEVRVzLqmrXKk748dDelyfJ7vkbAMkxv90xqkqRUR+0359MaKrHP066z9VKg==",
			"requires": {
				"@saekitominaga/htmlelement-text": "^1.2.2"
			}
		},
		"@saekitominaga/isbn-verify": {
			"version": "1.5.1",
			"resolved": "https://registry.npmjs.org/@saekitominaga/isbn-verify/-/isbn-verify-1.5.1.tgz",
			"integrity": "sha512-d3hqP7Wm4x6OUGu258FRR5HOV5tY2poESYvGi14lmknDvAF4RTWJPbmTkzTL4GcjrEvjXwJ8Pjcvhiwo/eRX+Q=="
		},
		"@saekitominaga/mime-parser": {
			"version": "1.2.1",
			"resolved": "https://registry.npmjs.org/@saekitominaga/mime-parser/-/mime-parser-1.2.1.tgz",
			"integrity": "sha512-vsLYbYWcM0/LoZQL5/8b3UX80DvTlcEE5Un9i4cMqeekn/mM3f+K++tBSU1bwLBmNK/FJ9YEuc63u2dvK6UDpg=="
		},
		"@saekitominaga/paapi-item-image-url-parser": {
			"version": "2.2.4",
			"resolved": "https://registry.npmjs.org/@saekitominaga/paapi-item-image-url-parser/-/paapi-item-image-url-parser-2.2.4.tgz",
			"integrity": "sha512-BWpM66tfEtfvlehmh9/Orx3NBkDMUjSIpOrZ8AGeKcNDNaroHpmx29Rp3AhItvV6hNBnEBCgSpWjiWD+TUx2uA=="
		},
		"@saekitominaga/report-js-error": {
			"version": "1.2.2",
			"resolved": "https://registry.npmjs.org/@saekitominaga/report-js-error/-/report-js-error-1.2.2.tgz",
			"integrity": "sha512-5nJuKiPa1rNBTSB8ElXZdYXVXqDxpD7v0Czt67cW4RWOCJLUXQwS6JymUCmcdL3lzf4ICtFyKSNc+lhCDH3K4g=="
		},
		"@saekitominaga/report-same-referrer": {
			"version": "1.1.2",
			"resolved": "https://registry.npmjs.org/@saekitominaga/report-same-referrer/-/report-same-referrer-1.1.2.tgz",
			"integrity": "sha512-R+TloXJWyz9Uxh5PZScLMPbaKXIZOwLrHeL+yP7u/k2jOlOJXXK4fIT6Lm5+j+3S0IxuSBDdl0rugE4Rye46kQ=="
		},
		"@saekitominaga/string-convert": {
			"version": "1.0.4",
			"resolved": "https://registry.npmjs.org/@saekitominaga/string-convert/-/string-convert-1.0.4.tgz",
			"integrity": "sha512-wxJTphXpR7WfGYWmwWnoalcMWEkcpHSvEsdk6GsSZrT/JPnGk5zx/cVMkW55nbxUbIQ7XS45TOZqoYx8LXOIWw=="
		},
		"@saekitominaga/string-escape-html": {
			"version": "1.0.5",
			"resolved": "https://registry.npmjs.org/@saekitominaga/string-escape-html/-/string-escape-html-1.0.5.tgz",
			"integrity": "sha512-PK5tUcAo74WEvZGxwl0WQyrVpSqXKQms7mMoqG1a3viSIN/dGppMgLr+Ug1qI5docwagiqO0Rf0N8YyM5/xxdw=="
		}
	}
}
