{
	"name": "w0s.jp-public",
	"version": "1.0.0",
	"lockfileVersion": 2,
	"requires": true,
	"packages": {
		"": {
			"name": "w0s.jp-public",
			"version": "1.0.0",
			"dependencies": {
				"@saekitominaga/closest-html-page": "^1.0.2",
				"@saekitominaga/customelements-button-checkboxes-ctrl": "^1.1.1",
				"@saekitominaga/customelements-button-clipboard": "^1.1.1",
				"@saekitominaga/customelements-button-confirm": "^1.1.1",
				"@saekitominaga/customelements-button-media-sameplay": "^1.1.1",
				"@saekitominaga/customelements-button-share": "^1.1.1",
				"@saekitominaga/customelements-details-animation": "^2.2.0",
				"@saekitominaga/customelements-details-animation-content": "^1.2.0",
				"@saekitominaga/customelements-input-date-totext": "^1.1.1",
				"@saekitominaga/customelements-input-switch": "^2.3.0",
				"@saekitominaga/customelements-portal": "^2.3.0",
				"@saekitominaga/customelements-tab": "^1.6.2",
				"@saekitominaga/customelements-textarea-autoheight": "^1.1.1",
				"@saekitominaga/customelements-tooltip-trigger": "^2.0.0",
				"@saekitominaga/htmlformcontrolelement-validation": "^2.0.0",
				"@saekitominaga/htmlformelement-before-unload-confirm": "^1.2.1",
				"@saekitominaga/htmlformelement-submit-overlay": "^2.0.0",
				"@saekitominaga/htmltablecellelement-ditto": "^1.1.3",
				"@saekitominaga/isbn-verify": "^1.4.1",
				"@saekitominaga/paapi-item-image-url-parser": "^2.1.2",
				"@saekitominaga/report-js-error": "^1.2.0",
				"@saekitominaga/report-same-referrer": "^1.1.0",
				"@saekitominaga/string-convert": "^1.0.2",
				"@saekitominaga/string-escape-html": "^1.0.2"
			}
		},
		"node_modules/@saekitominaga/closest-html-page": {
			"version": "1.0.2",
			"resolved": "https://registry.npmjs.org/@saekitominaga/closest-html-page/-/closest-html-page-1.0.2.tgz",
			"integrity": "sha512-uYwvcP+l6ocfHrRbhIYM04WdnjTy/QhdixBhbPYWtgBIn3GkTLw3idnJ5C4iF1mRVxadyv/GqZ43CKbIJE8+UA==",
			"dependencies": {
				"@saekitominaga/mime-parser": "^1.1.0"
			}
		},
		"node_modules/@saekitominaga/customelements-button-checkboxes-ctrl": {
			"version": "1.1.1",
			"resolved": "https://registry.npmjs.org/@saekitominaga/customelements-button-checkboxes-ctrl/-/customelements-button-checkboxes-ctrl-1.1.1.tgz",
			"integrity": "sha512-cUfhBE7yyM6BIjXF5T9WYiiW5z6IrWu/wLIrTDiyWlU0u58CDkHFxvvlsTJYNKoGAdx3GPFHM7vh4sT2jq0pHQ=="
		},
		"node_modules/@saekitominaga/customelements-button-clipboard": {
			"version": "1.1.1",
			"resolved": "https://registry.npmjs.org/@saekitominaga/customelements-button-clipboard/-/customelements-button-clipboard-1.1.1.tgz",
			"integrity": "sha512-YHfKdZkAxf/kETangPE9sOpjpims2QgyCLqm5Rv3/IVxKEprDyEpUblatPt6XsLz4ZQrMrxI8qXuQgqQJqYV0g=="
		},
		"node_modules/@saekitominaga/customelements-button-confirm": {
			"version": "1.1.1",
			"resolved": "https://registry.npmjs.org/@saekitominaga/customelements-button-confirm/-/customelements-button-confirm-1.1.1.tgz",
			"integrity": "sha512-KAXcHbr8Yx4Erv8taWsRtpDH0BprL7FdzWvZjFMhkGCzrEbem8+wZlLyaQODXQwRhMjvgeQX9I0OtWZQzYaCUg=="
		},
		"node_modules/@saekitominaga/customelements-button-media-sameplay": {
			"version": "1.1.1",
			"resolved": "https://registry.npmjs.org/@saekitominaga/customelements-button-media-sameplay/-/customelements-button-media-sameplay-1.1.1.tgz",
			"integrity": "sha512-oJMDMWOC/E/EFKpI7fsuEXKt5au3u+w8+QF7eggH0qUnn4J14TaMxkOAo5XTcHV6yGAX3FIn/3CUBCUvH78viw=="
		},
		"node_modules/@saekitominaga/customelements-button-share": {
			"version": "1.2.0",
			"resolved": "https://registry.npmjs.org/@saekitominaga/customelements-button-share/-/customelements-button-share-1.2.0.tgz",
			"integrity": "sha512-WhRsjz/eHiI34qiEP2xS4X6z7HJdqVa5lYIh6cCnTqjB9cVvgN/9x1C06D7rU1ZAkJ5bSRVOoPFNPkLsQ6ADLw=="
		},
		"node_modules/@saekitominaga/customelements-details-animation": {
			"version": "2.2.0",
			"resolved": "https://registry.npmjs.org/@saekitominaga/customelements-details-animation/-/customelements-details-animation-2.2.0.tgz",
			"integrity": "sha512-GXXWMFrA9WnhAAMP6sP+pjajevDq3SI2i0CLphwULBbcO7M4fWIna1nRzbqrkbRaHKEzOxyDGf/WfzsABXsCTA=="
		},
		"node_modules/@saekitominaga/customelements-details-animation-content": {
			"version": "1.2.0",
			"resolved": "https://registry.npmjs.org/@saekitominaga/customelements-details-animation-content/-/customelements-details-animation-content-1.2.0.tgz",
			"integrity": "sha512-XDi/WxZNzrct13mmYhofkOhkcaxaBnEpMOJsDpKX5L1svVPhG/N3F75SChcFjW9o4qvHIcf1Tka36lV7BDVrBg==",
			"deprecated": "This package was intended to be used with `@saekitominagacustomelements-details-animation`, but since that version has been upgraded to work on its own, this package is no longer needed. This package is no longer needed and will not be maintained."
		},
		"node_modules/@saekitominaga/customelements-input-date-totext": {
			"version": "1.1.1",
			"resolved": "https://registry.npmjs.org/@saekitominaga/customelements-input-date-totext/-/customelements-input-date-totext-1.1.1.tgz",
			"integrity": "sha512-BKzgcDKMhlJyQcCqwgckLYg8w6KFo0NXfLxoFr/CMMP/u+Hbr7lWONraszOaD+HBNZelgjG3xWN+JpIPvaJPiQ=="
		},
		"node_modules/@saekitominaga/customelements-input-switch": {
			"version": "2.3.0",
			"resolved": "https://registry.npmjs.org/@saekitominaga/customelements-input-switch/-/customelements-input-switch-2.3.0.tgz",
			"integrity": "sha512-H6o+gaoif1Dnt9jvDeoyK+UVYbbaLo8OK7IOT333bXTfSwckubsseJP95V0ppleXhKTBl3+omBRzs5ly3o8Frg=="
		},
		"node_modules/@saekitominaga/customelements-portal": {
			"version": "2.3.0",
			"resolved": "https://registry.npmjs.org/@saekitominaga/customelements-portal/-/customelements-portal-2.3.0.tgz",
			"integrity": "sha512-nfKbpDV4g93YrDe7gRr/thenjE+qM2WoaTDwWhHHpseq2AqxjUBD+54VVk2hHOL8SYg8JuBjVCvymx+JgKSl3A=="
		},
		"node_modules/@saekitominaga/customelements-tab": {
			"version": "1.6.2",
			"resolved": "https://registry.npmjs.org/@saekitominaga/customelements-tab/-/customelements-tab-1.6.2.tgz",
			"integrity": "sha512-gUJ46KIyIhh+hkkcdErJktlCU5jkghUBS3/IbVpSs09LZmriUJqVbgzJZeOtUngBMeupiPlWP/3pmrVl8P5G0A=="
		},
		"node_modules/@saekitominaga/customelements-textarea-autoheight": {
			"version": "1.1.1",
			"resolved": "https://registry.npmjs.org/@saekitominaga/customelements-textarea-autoheight/-/customelements-textarea-autoheight-1.1.1.tgz",
			"integrity": "sha512-owiNQ8Aeuj5Y5BKipuJpsNOgxIlVamiwxSn9DJV+aPzz1eitYwNC0Vyll2x5yrXKLiSLbLFFDorRC5V89WcuCA=="
		},
		"node_modules/@saekitominaga/customelements-tooltip-trigger": {
			"version": "2.0.0",
			"resolved": "https://registry.npmjs.org/@saekitominaga/customelements-tooltip-trigger/-/customelements-tooltip-trigger-2.0.0.tgz",
			"integrity": "sha512-0bTYZLbbRjl5GKnWhhGGEGpz46Gj/IOgMPkCICxyCbBWQpb/uN/D+NFsOuwT/ga48xrINxM8j0SGWdQobhcnMw=="
		},
		"node_modules/@saekitominaga/htmlelement-text": {
			"version": "1.2.1",
			"resolved": "https://registry.npmjs.org/@saekitominaga/htmlelement-text/-/htmlelement-text-1.2.1.tgz",
			"integrity": "sha512-aqp7L0/ocAy3zyiCjpvBBQ7jzjyxhtndApgtMv9VYpcxURma+fkWzMEoNp1ZWDr+EFd2cjgHh6hB+e0Rrc8nVA=="
		},
		"node_modules/@saekitominaga/htmlformcontrolelement-validation": {
			"version": "2.0.0",
			"resolved": "https://registry.npmjs.org/@saekitominaga/htmlformcontrolelement-validation/-/htmlformcontrolelement-validation-2.0.0.tgz",
			"integrity": "sha512-OxTSs41Is9/wq1r57mjC7p5Q4vofkiuHDZYbS4Gn90Rq33SM4ADS4alvFys200ME+YbPo8jYeWMREh91+473UA=="
		},
		"node_modules/@saekitominaga/htmlformelement-before-unload-confirm": {
			"version": "1.2.1",
			"resolved": "https://registry.npmjs.org/@saekitominaga/htmlformelement-before-unload-confirm/-/htmlformelement-before-unload-confirm-1.2.1.tgz",
			"integrity": "sha512-yzLTT5tklspL5potM/R4xhQyCcINgxMGZEkCxxnC5KIJL22WJqynUhv/SJ4sEl4+KBa+/WKsMWXTt6ibYbO5yg=="
		},
		"node_modules/@saekitominaga/htmlformelement-submit-overlay": {
			"version": "2.0.0",
			"resolved": "https://registry.npmjs.org/@saekitominaga/htmlformelement-submit-overlay/-/htmlformelement-submit-overlay-2.0.0.tgz",
			"integrity": "sha512-G+/Ua4wSBPR7saOjndE2CDsbXrmxqswr9Maiv+1tWPpUMJacZR7pkKsG4JBJdb6mjOiq2pphsfidFFEuOdCaRQ=="
		},
		"node_modules/@saekitominaga/htmltablecellelement-ditto": {
			"version": "1.1.3",
			"resolved": "https://registry.npmjs.org/@saekitominaga/htmltablecellelement-ditto/-/htmltablecellelement-ditto-1.1.3.tgz",
			"integrity": "sha512-rSkKry6TVGKausSpEdwQfKMba8JMHN4GDazAajiDvR4XhnZQwnTFKOSy8xyg11IlU+LTd+UHAdftTPFlreNGyw==",
			"dependencies": {
				"@saekitominaga/htmlelement-text": "^1.2.1"
			}
		},
		"node_modules/@saekitominaga/isbn-verify": {
			"version": "1.4.1",
			"resolved": "https://registry.npmjs.org/@saekitominaga/isbn-verify/-/isbn-verify-1.4.1.tgz",
			"integrity": "sha512-SlfGRJkKdbe2C2NMczu8hhJQSwzCq18GYPJdscBUbmYKUD/aLCzLMuzqFT22IDK0Lqhr1SRvdlPE1dFybZke6g=="
		},
		"node_modules/@saekitominaga/mime-parser": {
			"version": "1.1.1",
			"resolved": "https://registry.npmjs.org/@saekitominaga/mime-parser/-/mime-parser-1.1.1.tgz",
			"integrity": "sha512-sdvfKdyrMPpDypiNJxjCOp9i+ZsrmP2qipIX4WJpN4CDe/DoBNKSD/LJOrv7KuSAee/1Y1zoPAOaKlqD2u6DnQ=="
		},
		"node_modules/@saekitominaga/paapi-item-image-url-parser": {
			"version": "2.1.2",
			"resolved": "https://registry.npmjs.org/@saekitominaga/paapi-item-image-url-parser/-/paapi-item-image-url-parser-2.1.2.tgz",
			"integrity": "sha512-A5KaTnNYFKsl5W0kXvHB9xYryptEgA6Bqr1yUGZw1luBJ8TfVD9ucwTA4aDTZf3HyosXNDKvzPETsWZVhqfn3g=="
		},
		"node_modules/@saekitominaga/report-js-error": {
			"version": "1.2.0",
			"resolved": "https://registry.npmjs.org/@saekitominaga/report-js-error/-/report-js-error-1.2.0.tgz",
			"integrity": "sha512-TmGsYChsjfL27uotLEe2IwL3dtzajnxf75o3CTK4H/9IjRO5fsQ5kTmBouHxqIrPSxJSWf18ONsIwnvMbb+sZQ=="
		},
		"node_modules/@saekitominaga/report-same-referrer": {
			"version": "1.1.0",
			"resolved": "https://registry.npmjs.org/@saekitominaga/report-same-referrer/-/report-same-referrer-1.1.0.tgz",
			"integrity": "sha512-vll4ROsgakn2j1pKWXYiUYaVSsRIoqREIolhZSnkwDXxVkmGHkgST9ngja+grwAcV/7kt76mlPKjX4W1L7erig=="
		},
		"node_modules/@saekitominaga/string-convert": {
			"version": "1.0.2",
			"resolved": "https://registry.npmjs.org/@saekitominaga/string-convert/-/string-convert-1.0.2.tgz",
			"integrity": "sha512-9AyTNM5KoEXlY5DgW76n/bNWZ6azQOkyIve9S5KN8PZXepFGOHHvN1nFEjuvEvmerem3XB9XEhA0ptA0x5gj2g=="
		},
		"node_modules/@saekitominaga/string-escape-html": {
			"version": "1.0.2",
			"resolved": "https://registry.npmjs.org/@saekitominaga/string-escape-html/-/string-escape-html-1.0.2.tgz",
			"integrity": "sha512-99MAs9iqlMGpf1097vmUQIQ5CqT0fzRMV4LXepY+w0H7+HO7pe//3/b5do65/Pr//Nq13OVkabdRkMHQ81V3MQ=="
		}
	},
	"dependencies": {
		"@saekitominaga/closest-html-page": {
			"version": "1.0.2",
			"resolved": "https://registry.npmjs.org/@saekitominaga/closest-html-page/-/closest-html-page-1.0.2.tgz",
			"integrity": "sha512-uYwvcP+l6ocfHrRbhIYM04WdnjTy/QhdixBhbPYWtgBIn3GkTLw3idnJ5C4iF1mRVxadyv/GqZ43CKbIJE8+UA==",
			"requires": {
				"@saekitominaga/mime-parser": "^1.1.0"
			}
		},
		"@saekitominaga/customelements-button-checkboxes-ctrl": {
			"version": "1.1.1",
			"resolved": "https://registry.npmjs.org/@saekitominaga/customelements-button-checkboxes-ctrl/-/customelements-button-checkboxes-ctrl-1.1.1.tgz",
			"integrity": "sha512-cUfhBE7yyM6BIjXF5T9WYiiW5z6IrWu/wLIrTDiyWlU0u58CDkHFxvvlsTJYNKoGAdx3GPFHM7vh4sT2jq0pHQ=="
		},
		"@saekitominaga/customelements-button-clipboard": {
			"version": "1.1.1",
			"resolved": "https://registry.npmjs.org/@saekitominaga/customelements-button-clipboard/-/customelements-button-clipboard-1.1.1.tgz",
			"integrity": "sha512-YHfKdZkAxf/kETangPE9sOpjpims2QgyCLqm5Rv3/IVxKEprDyEpUblatPt6XsLz4ZQrMrxI8qXuQgqQJqYV0g=="
		},
		"@saekitominaga/customelements-button-confirm": {
			"version": "1.1.1",
			"resolved": "https://registry.npmjs.org/@saekitominaga/customelements-button-confirm/-/customelements-button-confirm-1.1.1.tgz",
			"integrity": "sha512-KAXcHbr8Yx4Erv8taWsRtpDH0BprL7FdzWvZjFMhkGCzrEbem8+wZlLyaQODXQwRhMjvgeQX9I0OtWZQzYaCUg=="
		},
		"@saekitominaga/customelements-button-media-sameplay": {
			"version": "1.1.1",
			"resolved": "https://registry.npmjs.org/@saekitominaga/customelements-button-media-sameplay/-/customelements-button-media-sameplay-1.1.1.tgz",
			"integrity": "sha512-oJMDMWOC/E/EFKpI7fsuEXKt5au3u+w8+QF7eggH0qUnn4J14TaMxkOAo5XTcHV6yGAX3FIn/3CUBCUvH78viw=="
		},
		"@saekitominaga/customelements-button-share": {
			"version": "1.2.0",
			"resolved": "https://registry.npmjs.org/@saekitominaga/customelements-button-share/-/customelements-button-share-1.2.0.tgz",
			"integrity": "sha512-WhRsjz/eHiI34qiEP2xS4X6z7HJdqVa5lYIh6cCnTqjB9cVvgN/9x1C06D7rU1ZAkJ5bSRVOoPFNPkLsQ6ADLw=="
		},
		"@saekitominaga/customelements-details-animation": {
			"version": "2.2.0",
			"resolved": "https://registry.npmjs.org/@saekitominaga/customelements-details-animation/-/customelements-details-animation-2.2.0.tgz",
			"integrity": "sha512-GXXWMFrA9WnhAAMP6sP+pjajevDq3SI2i0CLphwULBbcO7M4fWIna1nRzbqrkbRaHKEzOxyDGf/WfzsABXsCTA=="
		},
		"@saekitominaga/customelements-details-animation-content": {
			"version": "1.2.0",
			"resolved": "https://registry.npmjs.org/@saekitominaga/customelements-details-animation-content/-/customelements-details-animation-content-1.2.0.tgz",
			"integrity": "sha512-XDi/WxZNzrct13mmYhofkOhkcaxaBnEpMOJsDpKX5L1svVPhG/N3F75SChcFjW9o4qvHIcf1Tka36lV7BDVrBg=="
		},
		"@saekitominaga/customelements-input-date-totext": {
			"version": "1.1.1",
			"resolved": "https://registry.npmjs.org/@saekitominaga/customelements-input-date-totext/-/customelements-input-date-totext-1.1.1.tgz",
			"integrity": "sha512-BKzgcDKMhlJyQcCqwgckLYg8w6KFo0NXfLxoFr/CMMP/u+Hbr7lWONraszOaD+HBNZelgjG3xWN+JpIPvaJPiQ=="
		},
		"@saekitominaga/customelements-input-switch": {
			"version": "2.3.0",
			"resolved": "https://registry.npmjs.org/@saekitominaga/customelements-input-switch/-/customelements-input-switch-2.3.0.tgz",
			"integrity": "sha512-H6o+gaoif1Dnt9jvDeoyK+UVYbbaLo8OK7IOT333bXTfSwckubsseJP95V0ppleXhKTBl3+omBRzs5ly3o8Frg=="
		},
		"@saekitominaga/customelements-portal": {
			"version": "2.3.0",
			"resolved": "https://registry.npmjs.org/@saekitominaga/customelements-portal/-/customelements-portal-2.3.0.tgz",
			"integrity": "sha512-nfKbpDV4g93YrDe7gRr/thenjE+qM2WoaTDwWhHHpseq2AqxjUBD+54VVk2hHOL8SYg8JuBjVCvymx+JgKSl3A=="
		},
		"@saekitominaga/customelements-tab": {
			"version": "1.6.2",
			"resolved": "https://registry.npmjs.org/@saekitominaga/customelements-tab/-/customelements-tab-1.6.2.tgz",
			"integrity": "sha512-gUJ46KIyIhh+hkkcdErJktlCU5jkghUBS3/IbVpSs09LZmriUJqVbgzJZeOtUngBMeupiPlWP/3pmrVl8P5G0A=="
		},
		"@saekitominaga/customelements-textarea-autoheight": {
			"version": "1.1.1",
			"resolved": "https://registry.npmjs.org/@saekitominaga/customelements-textarea-autoheight/-/customelements-textarea-autoheight-1.1.1.tgz",
			"integrity": "sha512-owiNQ8Aeuj5Y5BKipuJpsNOgxIlVamiwxSn9DJV+aPzz1eitYwNC0Vyll2x5yrXKLiSLbLFFDorRC5V89WcuCA=="
		},
		"@saekitominaga/customelements-tooltip-trigger": {
			"version": "2.0.0",
			"resolved": "https://registry.npmjs.org/@saekitominaga/customelements-tooltip-trigger/-/customelements-tooltip-trigger-2.0.0.tgz",
			"integrity": "sha512-0bTYZLbbRjl5GKnWhhGGEGpz46Gj/IOgMPkCICxyCbBWQpb/uN/D+NFsOuwT/ga48xrINxM8j0SGWdQobhcnMw=="
		},
		"@saekitominaga/htmlelement-text": {
			"version": "1.2.1",
			"resolved": "https://registry.npmjs.org/@saekitominaga/htmlelement-text/-/htmlelement-text-1.2.1.tgz",
			"integrity": "sha512-aqp7L0/ocAy3zyiCjpvBBQ7jzjyxhtndApgtMv9VYpcxURma+fkWzMEoNp1ZWDr+EFd2cjgHh6hB+e0Rrc8nVA=="
		},
		"@saekitominaga/htmlformcontrolelement-validation": {
			"version": "2.0.0",
			"resolved": "https://registry.npmjs.org/@saekitominaga/htmlformcontrolelement-validation/-/htmlformcontrolelement-validation-2.0.0.tgz",
			"integrity": "sha512-OxTSs41Is9/wq1r57mjC7p5Q4vofkiuHDZYbS4Gn90Rq33SM4ADS4alvFys200ME+YbPo8jYeWMREh91+473UA=="
		},
		"@saekitominaga/htmlformelement-before-unload-confirm": {
			"version": "1.2.1",
			"resolved": "https://registry.npmjs.org/@saekitominaga/htmlformelement-before-unload-confirm/-/htmlformelement-before-unload-confirm-1.2.1.tgz",
			"integrity": "sha512-yzLTT5tklspL5potM/R4xhQyCcINgxMGZEkCxxnC5KIJL22WJqynUhv/SJ4sEl4+KBa+/WKsMWXTt6ibYbO5yg=="
		},
		"@saekitominaga/htmlformelement-submit-overlay": {
			"version": "2.0.0",
			"resolved": "https://registry.npmjs.org/@saekitominaga/htmlformelement-submit-overlay/-/htmlformelement-submit-overlay-2.0.0.tgz",
			"integrity": "sha512-G+/Ua4wSBPR7saOjndE2CDsbXrmxqswr9Maiv+1tWPpUMJacZR7pkKsG4JBJdb6mjOiq2pphsfidFFEuOdCaRQ=="
		},
		"@saekitominaga/htmltablecellelement-ditto": {
			"version": "1.1.3",
			"resolved": "https://registry.npmjs.org/@saekitominaga/htmltablecellelement-ditto/-/htmltablecellelement-ditto-1.1.3.tgz",
			"integrity": "sha512-rSkKry6TVGKausSpEdwQfKMba8JMHN4GDazAajiDvR4XhnZQwnTFKOSy8xyg11IlU+LTd+UHAdftTPFlreNGyw==",
			"requires": {
				"@saekitominaga/htmlelement-text": "^1.2.1"
			}
		},
		"@saekitominaga/isbn-verify": {
			"version": "1.4.1",
			"resolved": "https://registry.npmjs.org/@saekitominaga/isbn-verify/-/isbn-verify-1.4.1.tgz",
			"integrity": "sha512-SlfGRJkKdbe2C2NMczu8hhJQSwzCq18GYPJdscBUbmYKUD/aLCzLMuzqFT22IDK0Lqhr1SRvdlPE1dFybZke6g=="
		},
		"@saekitominaga/mime-parser": {
			"version": "1.1.1",
			"resolved": "https://registry.npmjs.org/@saekitominaga/mime-parser/-/mime-parser-1.1.1.tgz",
			"integrity": "sha512-sdvfKdyrMPpDypiNJxjCOp9i+ZsrmP2qipIX4WJpN4CDe/DoBNKSD/LJOrv7KuSAee/1Y1zoPAOaKlqD2u6DnQ=="
		},
		"@saekitominaga/paapi-item-image-url-parser": {
			"version": "2.1.2",
			"resolved": "https://registry.npmjs.org/@saekitominaga/paapi-item-image-url-parser/-/paapi-item-image-url-parser-2.1.2.tgz",
			"integrity": "sha512-A5KaTnNYFKsl5W0kXvHB9xYryptEgA6Bqr1yUGZw1luBJ8TfVD9ucwTA4aDTZf3HyosXNDKvzPETsWZVhqfn3g=="
		},
		"@saekitominaga/report-js-error": {
			"version": "1.2.0",
			"resolved": "https://registry.npmjs.org/@saekitominaga/report-js-error/-/report-js-error-1.2.0.tgz",
			"integrity": "sha512-TmGsYChsjfL27uotLEe2IwL3dtzajnxf75o3CTK4H/9IjRO5fsQ5kTmBouHxqIrPSxJSWf18ONsIwnvMbb+sZQ=="
		},
		"@saekitominaga/report-same-referrer": {
			"version": "1.1.0",
			"resolved": "https://registry.npmjs.org/@saekitominaga/report-same-referrer/-/report-same-referrer-1.1.0.tgz",
			"integrity": "sha512-vll4ROsgakn2j1pKWXYiUYaVSsRIoqREIolhZSnkwDXxVkmGHkgST9ngja+grwAcV/7kt76mlPKjX4W1L7erig=="
		},
		"@saekitominaga/string-convert": {
			"version": "1.0.2",
			"resolved": "https://registry.npmjs.org/@saekitominaga/string-convert/-/string-convert-1.0.2.tgz",
			"integrity": "sha512-9AyTNM5KoEXlY5DgW76n/bNWZ6azQOkyIve9S5KN8PZXepFGOHHvN1nFEjuvEvmerem3XB9XEhA0ptA0x5gj2g=="
		},
		"@saekitominaga/string-escape-html": {
			"version": "1.0.2",
			"resolved": "https://registry.npmjs.org/@saekitominaga/string-escape-html/-/string-escape-html-1.0.2.tgz",
			"integrity": "sha512-99MAs9iqlMGpf1097vmUQIQ5CqT0fzRMV4LXepY+w0H7+HO7pe//3/b5do65/Pr//Nq13OVkabdRkMHQ81V3MQ=="
		}
	}
}
