{
	"name": "w0s.jp-public",
	"version": "1.0.0",
	"lockfileVersion": 2,
	"requires": true,
	"packages": {
		"": {
			"name": "w0s.jp-public",
			"dependencies": {
				"@saekitominaga/closest-html-page": "^1.0.6",
				"@saekitominaga/customelements-button-checkboxes-ctrl": "^1.2.0",
				"@saekitominaga/customelements-button-clipboard": "^1.1.4",
				"@saekitominaga/customelements-button-confirm": "^1.1.4",
				"@saekitominaga/customelements-button-media-sameplay": "^1.1.4",
				"@saekitominaga/customelements-details-animation": "^2.3.1",
				"@saekitominaga/customelements-input-date-totext": "^1.1.4",
				"@saekitominaga/customelements-input-switch": "^2.3.3",
				"@saekitominaga/customelements-portal": "^2.4.1",
				"@saekitominaga/customelements-tab": "^1.6.6",
				"@saekitominaga/customelements-textarea-autoheight": "^1.2.2",
				"@saekitominaga/customelements-tooltip-trigger": "^2.1.2",
				"@saekitominaga/htmlformcontrolelement-validation": "^2.0.2",
				"@saekitominaga/htmlformelement-before-unload-confirm": "^1.2.4",
				"@saekitominaga/htmlformelement-submit-overlay": "^2.1.0",
				"@saekitominaga/htmltablecellelement-ditto": "^1.1.8",
				"@saekitominaga/paapi-item-image-url-parser": "^2.2.4",
				"@saekitominaga/report-js-error": "^1.2.3",
				"@saekitominaga/report-same-referrer": "^1.1.3",
				"@saekitominaga/string-convert": "^1.0.4"
			}
		},
		"node_modules/@saekitominaga/closest-html-page": {
			"version": "1.0.6",
			"resolved": "https://registry.npmjs.org/@saekitominaga/closest-html-page/-/closest-html-page-1.0.6.tgz",
			"integrity": "sha512-H2lcu8gx8dd2L1nBm1TzRUBfeRHwp2y54wtz5/m2nLC5dzDVk2cEw5YnM9Y9w1r8AME0ELquLdUA3b9FnOJl8g==",
			"dependencies": {
				"@saekitominaga/mime-parser": "^1.2.1"
			}
		},
		"node_modules/@saekitominaga/customelements-button-checkboxes-ctrl": {
			"version": "1.2.0",
			"resolved": "https://registry.npmjs.org/@saekitominaga/customelements-button-checkboxes-ctrl/-/customelements-button-checkboxes-ctrl-1.2.0.tgz",
			"integrity": "sha512-/iOT0KeFQtvaUL0YxE+YQaqnBeV50X7TQSibKK9rNGXMmWZPnoDX9/knU1Mf5PYCIZJBo78Cv+U7vEa4RQfchw=="
		},
		"node_modules/@saekitominaga/customelements-button-clipboard": {
			"version": "1.1.4",
			"resolved": "https://registry.npmjs.org/@saekitominaga/customelements-button-clipboard/-/customelements-button-clipboard-1.1.4.tgz",
			"integrity": "sha512-tdNrbHfKffgX9M36/nc0HvjoBOu8tAEodzuQWQGvDv2RUlJHic6ixhqT3EypRfYb4AkH/8duecccI79B1d6N0w=="
		},
		"node_modules/@saekitominaga/customelements-button-confirm": {
			"version": "1.1.4",
			"resolved": "https://registry.npmjs.org/@saekitominaga/customelements-button-confirm/-/customelements-button-confirm-1.1.4.tgz",
			"integrity": "sha512-dl50DdpsMphcvZAnqG4d7A+3lafVz41EkNDeehgEN4znK92UxzNXk/xlIv7trtGyQnTG3kukJ/94z8Wy0swsoA=="
		},
		"node_modules/@saekitominaga/customelements-button-media-sameplay": {
			"version": "1.1.4",
			"resolved": "https://registry.npmjs.org/@saekitominaga/customelements-button-media-sameplay/-/customelements-button-media-sameplay-1.1.4.tgz",
			"integrity": "sha512-uxbgyUBx80cRQ8MJk1o82Kml8NPnECh9a6AWFeCNVnS3ucx5nQVSXBNjMo0tw06yfzGdeL1U/cyaJetoFQh6ww=="
		},
		"node_modules/@saekitominaga/customelements-details-animation": {
			"version": "2.3.1",
			"resolved": "https://registry.npmjs.org/@saekitominaga/customelements-details-animation/-/customelements-details-animation-2.3.1.tgz",
			"integrity": "sha512-IcS9/EQL3AKwNFBSJc4oDO6kT6mW2qRLBJkrpAZimDuEmWnxGvIbbtW2WgSkcvWrgE2/s4IZ13SZnXYWGWuIsA=="
		},
		"node_modules/@saekitominaga/customelements-input-date-totext": {
			"version": "1.1.4",
			"resolved": "https://registry.npmjs.org/@saekitominaga/customelements-input-date-totext/-/customelements-input-date-totext-1.1.4.tgz",
			"integrity": "sha512-W6Hm17qIrhL2cSv4lH55zuoPZrBV24Seoqzu8YDhNz6BABxw1Uj63W22ANu4ZwHwxUlQ5K0EMxGzgqd8LiupDw=="
		},
		"node_modules/@saekitominaga/customelements-input-switch": {
			"version": "2.3.3",
			"resolved": "https://registry.npmjs.org/@saekitominaga/customelements-input-switch/-/customelements-input-switch-2.3.3.tgz",
			"integrity": "sha512-/djpGwtleww0HjopyOi+LKi3vC5lylnHOHDBk9k3gNleCi9CgyxpkxfJANj0RirOt4rjSO+YuLl8JhtPM7+fJg=="
		},
		"node_modules/@saekitominaga/customelements-portal": {
			"version": "2.4.1",
			"resolved": "https://registry.npmjs.org/@saekitominaga/customelements-portal/-/customelements-portal-2.4.1.tgz",
			"integrity": "sha512-egPpz/w5CYK/1q9pEVkdsAhBEXLCv2vJyo1WLWTA5GORntMXND+nb8wjwmsEVzV1rqtpPn9mczq8ePK9yy/vsw=="
		},
		"node_modules/@saekitominaga/customelements-tab": {
			"version": "1.6.6",
			"resolved": "https://registry.npmjs.org/@saekitominaga/customelements-tab/-/customelements-tab-1.6.6.tgz",
			"integrity": "sha512-A9mUOVwDyrWWwMEPcpiO8Kp4ELdFT19aJuTKROlz+cC1mzeGRMVgYCuK++1ZtDiXGuuVI0wNAUTGZCAIRTiaaQ=="
		},
		"node_modules/@saekitominaga/customelements-textarea-autoheight": {
			"version": "1.2.2",
			"resolved": "https://registry.npmjs.org/@saekitominaga/customelements-textarea-autoheight/-/customelements-textarea-autoheight-1.2.2.tgz",
			"integrity": "sha512-S1DheuEmK3wtI3+jZMyBMn8YLLsGh31eD9+Rl5LnIGfl+yW7fVY4j0VZixqAfjKaXRSplv0/HcfEaxCTZ81fMQ=="
		},
		"node_modules/@saekitominaga/customelements-tooltip-trigger": {
			"version": "2.1.2",
			"resolved": "https://registry.npmjs.org/@saekitominaga/customelements-tooltip-trigger/-/customelements-tooltip-trigger-2.1.2.tgz",
			"integrity": "sha512-WTg2wl2ZzB+r7uydgMl0Wia8oR6TtUNT/MztbQDwymCoff9JbDCJ47GbsOUWd8bqPbxPy37Zk7hYJUC1eoT/pg=="
		},
		"node_modules/@saekitominaga/htmlelement-text": {
			"version": "1.2.2",
			"resolved": "https://registry.npmjs.org/@saekitominaga/htmlelement-text/-/htmlelement-text-1.2.2.tgz",
			"integrity": "sha512-nzp4AJYEF3Vcw2wpPEq3qyyonE+ceHZeSQ64cYmvD0O8xqLBCWya9djgD6rZ+5bzbAnZARqi6pMMvpDqstINKA=="
		},
		"node_modules/@saekitominaga/htmlformcontrolelement-validation": {
			"version": "2.0.2",
			"resolved": "https://registry.npmjs.org/@saekitominaga/htmlformcontrolelement-validation/-/htmlformcontrolelement-validation-2.0.2.tgz",
			"integrity": "sha512-FYoPs6/wmp2ojd5obq8gTsvv8DBVMD7jHl/uDYn9G/wvKz8iz90qGyzTHzSr20gckFsfeFCEJCQc3C1+j/rKGw=="
		},
		"node_modules/@saekitominaga/htmlformelement-before-unload-confirm": {
			"version": "1.2.4",
			"resolved": "https://registry.npmjs.org/@saekitominaga/htmlformelement-before-unload-confirm/-/htmlformelement-before-unload-confirm-1.2.4.tgz",
			"integrity": "sha512-mRUwQIzX+Grp2YNUrLf69OIAGcgJmdBGSElX5XiHq0+iZ9SPrNX6FyQ+p7L3gEQx/0SpoVGisYHwfa5QAxhn7w=="
		},
		"node_modules/@saekitominaga/htmlformelement-submit-overlay": {
			"version": "2.1.0",
			"resolved": "https://registry.npmjs.org/@saekitominaga/htmlformelement-submit-overlay/-/htmlformelement-submit-overlay-2.1.0.tgz",
			"integrity": "sha512-ABNajdulBag5nLIvgkYBykfg8JbxaaRfww4XtMq9o8Opl67vQPhmO6NqnYe6Yj+Ip8h5VaOK56HZlWXYemsA8A=="
		},
		"node_modules/@saekitominaga/htmltablecellelement-ditto": {
			"version": "1.1.8",
			"resolved": "https://registry.npmjs.org/@saekitominaga/htmltablecellelement-ditto/-/htmltablecellelement-ditto-1.1.8.tgz",
			"integrity": "sha512-rVckgR+8Sk+/9XVyiIeFaCNJFt51syjDEPMo55vgOHc46jAArj4P6UGWamAwzBgOQ+c6pH4HwxLuJ5163Say/Q==",
			"dependencies": {
				"@saekitominaga/htmlelement-text": "^1.2.2"
			}
		},
		"node_modules/@saekitominaga/mime-parser": {
			"version": "1.2.1",
			"resolved": "https://registry.npmjs.org/@saekitominaga/mime-parser/-/mime-parser-1.2.1.tgz",
			"integrity": "sha512-vsLYbYWcM0/LoZQL5/8b3UX80DvTlcEE5Un9i4cMqeekn/mM3f+K++tBSU1bwLBmNK/FJ9YEuc63u2dvK6UDpg=="
		},
		"node_modules/@saekitominaga/paapi-item-image-url-parser": {
			"version": "2.2.4",
			"resolved": "https://registry.npmjs.org/@saekitominaga/paapi-item-image-url-parser/-/paapi-item-image-url-parser-2.2.4.tgz",
			"integrity": "sha512-BWpM66tfEtfvlehmh9/Orx3NBkDMUjSIpOrZ8AGeKcNDNaroHpmx29Rp3AhItvV6hNBnEBCgSpWjiWD+TUx2uA=="
		},
		"node_modules/@saekitominaga/report-js-error": {
			"version": "1.2.3",
			"resolved": "https://registry.npmjs.org/@saekitominaga/report-js-error/-/report-js-error-1.2.3.tgz",
			"integrity": "sha512-/cVIOIsioDe2LkchAo9uRocRJ/vv7mwHA+iyyOVtKkQI+sj9O/np9GK7h6RtR+kWixyjx0hBm1dRsFytrSKkEA=="
		},
		"node_modules/@saekitominaga/report-same-referrer": {
			"version": "1.1.3",
			"resolved": "https://registry.npmjs.org/@saekitominaga/report-same-referrer/-/report-same-referrer-1.1.3.tgz",
			"integrity": "sha512-Y/aWU20e6Qhq25VCqu67gMfhBzEz5mlvXeTJz1X0jfcOGobW8ua+7f8bBqXyQ47lS3Oah6J0zM1O8wYPBrL5QQ=="
		},
		"node_modules/@saekitominaga/string-convert": {
			"version": "1.0.4",
			"resolved": "https://registry.npmjs.org/@saekitominaga/string-convert/-/string-convert-1.0.4.tgz",
			"integrity": "sha512-wxJTphXpR7WfGYWmwWnoalcMWEkcpHSvEsdk6GsSZrT/JPnGk5zx/cVMkW55nbxUbIQ7XS45TOZqoYx8LXOIWw=="
		}
	},
	"dependencies": {
		"@saekitominaga/closest-html-page": {
			"version": "1.0.6",
			"resolved": "https://registry.npmjs.org/@saekitominaga/closest-html-page/-/closest-html-page-1.0.6.tgz",
			"integrity": "sha512-H2lcu8gx8dd2L1nBm1TzRUBfeRHwp2y54wtz5/m2nLC5dzDVk2cEw5YnM9Y9w1r8AME0ELquLdUA3b9FnOJl8g==",
			"requires": {
				"@saekitominaga/mime-parser": "^1.2.1"
			}
		},
		"@saekitominaga/customelements-button-checkboxes-ctrl": {
			"version": "1.2.0",
			"resolved": "https://registry.npmjs.org/@saekitominaga/customelements-button-checkboxes-ctrl/-/customelements-button-checkboxes-ctrl-1.2.0.tgz",
			"integrity": "sha512-/iOT0KeFQtvaUL0YxE+YQaqnBeV50X7TQSibKK9rNGXMmWZPnoDX9/knU1Mf5PYCIZJBo78Cv+U7vEa4RQfchw=="
		},
		"@saekitominaga/customelements-button-clipboard": {
			"version": "1.1.4",
			"resolved": "https://registry.npmjs.org/@saekitominaga/customelements-button-clipboard/-/customelements-button-clipboard-1.1.4.tgz",
			"integrity": "sha512-tdNrbHfKffgX9M36/nc0HvjoBOu8tAEodzuQWQGvDv2RUlJHic6ixhqT3EypRfYb4AkH/8duecccI79B1d6N0w=="
		},
		"@saekitominaga/customelements-button-confirm": {
			"version": "1.1.4",
			"resolved": "https://registry.npmjs.org/@saekitominaga/customelements-button-confirm/-/customelements-button-confirm-1.1.4.tgz",
			"integrity": "sha512-dl50DdpsMphcvZAnqG4d7A+3lafVz41EkNDeehgEN4znK92UxzNXk/xlIv7trtGyQnTG3kukJ/94z8Wy0swsoA=="
		},
		"@saekitominaga/customelements-button-media-sameplay": {
			"version": "1.1.4",
			"resolved": "https://registry.npmjs.org/@saekitominaga/customelements-button-media-sameplay/-/customelements-button-media-sameplay-1.1.4.tgz",
			"integrity": "sha512-uxbgyUBx80cRQ8MJk1o82Kml8NPnECh9a6AWFeCNVnS3ucx5nQVSXBNjMo0tw06yfzGdeL1U/cyaJetoFQh6ww=="
		},
		"@saekitominaga/customelements-details-animation": {
			"version": "2.3.1",
			"resolved": "https://registry.npmjs.org/@saekitominaga/customelements-details-animation/-/customelements-details-animation-2.3.1.tgz",
			"integrity": "sha512-IcS9/EQL3AKwNFBSJc4oDO6kT6mW2qRLBJkrpAZimDuEmWnxGvIbbtW2WgSkcvWrgE2/s4IZ13SZnXYWGWuIsA=="
		},
		"@saekitominaga/customelements-input-date-totext": {
			"version": "1.1.4",
			"resolved": "https://registry.npmjs.org/@saekitominaga/customelements-input-date-totext/-/customelements-input-date-totext-1.1.4.tgz",
			"integrity": "sha512-W6Hm17qIrhL2cSv4lH55zuoPZrBV24Seoqzu8YDhNz6BABxw1Uj63W22ANu4ZwHwxUlQ5K0EMxGzgqd8LiupDw=="
		},
		"@saekitominaga/customelements-input-switch": {
			"version": "2.3.3",
			"resolved": "https://registry.npmjs.org/@saekitominaga/customelements-input-switch/-/customelements-input-switch-2.3.3.tgz",
			"integrity": "sha512-/djpGwtleww0HjopyOi+LKi3vC5lylnHOHDBk9k3gNleCi9CgyxpkxfJANj0RirOt4rjSO+YuLl8JhtPM7+fJg=="
		},
		"@saekitominaga/customelements-portal": {
			"version": "2.4.1",
			"resolved": "https://registry.npmjs.org/@saekitominaga/customelements-portal/-/customelements-portal-2.4.1.tgz",
			"integrity": "sha512-egPpz/w5CYK/1q9pEVkdsAhBEXLCv2vJyo1WLWTA5GORntMXND+nb8wjwmsEVzV1rqtpPn9mczq8ePK9yy/vsw=="
		},
		"@saekitominaga/customelements-tab": {
			"version": "1.6.6",
			"resolved": "https://registry.npmjs.org/@saekitominaga/customelements-tab/-/customelements-tab-1.6.6.tgz",
			"integrity": "sha512-A9mUOVwDyrWWwMEPcpiO8Kp4ELdFT19aJuTKROlz+cC1mzeGRMVgYCuK++1ZtDiXGuuVI0wNAUTGZCAIRTiaaQ=="
		},
		"@saekitominaga/customelements-textarea-autoheight": {
			"version": "1.2.2",
			"resolved": "https://registry.npmjs.org/@saekitominaga/customelements-textarea-autoheight/-/customelements-textarea-autoheight-1.2.2.tgz",
			"integrity": "sha512-S1DheuEmK3wtI3+jZMyBMn8YLLsGh31eD9+Rl5LnIGfl+yW7fVY4j0VZixqAfjKaXRSplv0/HcfEaxCTZ81fMQ=="
		},
		"@saekitominaga/customelements-tooltip-trigger": {
			"version": "2.1.2",
			"resolved": "https://registry.npmjs.org/@saekitominaga/customelements-tooltip-trigger/-/customelements-tooltip-trigger-2.1.2.tgz",
			"integrity": "sha512-WTg2wl2ZzB+r7uydgMl0Wia8oR6TtUNT/MztbQDwymCoff9JbDCJ47GbsOUWd8bqPbxPy37Zk7hYJUC1eoT/pg=="
		},
		"@saekitominaga/htmlelement-text": {
			"version": "1.2.2",
			"resolved": "https://registry.npmjs.org/@saekitominaga/htmlelement-text/-/htmlelement-text-1.2.2.tgz",
			"integrity": "sha512-nzp4AJYEF3Vcw2wpPEq3qyyonE+ceHZeSQ64cYmvD0O8xqLBCWya9djgD6rZ+5bzbAnZARqi6pMMvpDqstINKA=="
		},
		"@saekitominaga/htmlformcontrolelement-validation": {
			"version": "2.0.2",
			"resolved": "https://registry.npmjs.org/@saekitominaga/htmlformcontrolelement-validation/-/htmlformcontrolelement-validation-2.0.2.tgz",
			"integrity": "sha512-FYoPs6/wmp2ojd5obq8gTsvv8DBVMD7jHl/uDYn9G/wvKz8iz90qGyzTHzSr20gckFsfeFCEJCQc3C1+j/rKGw=="
		},
		"@saekitominaga/htmlformelement-before-unload-confirm": {
			"version": "1.2.4",
			"resolved": "https://registry.npmjs.org/@saekitominaga/htmlformelement-before-unload-confirm/-/htmlformelement-before-unload-confirm-1.2.4.tgz",
			"integrity": "sha512-mRUwQIzX+Grp2YNUrLf69OIAGcgJmdBGSElX5XiHq0+iZ9SPrNX6FyQ+p7L3gEQx/0SpoVGisYHwfa5QAxhn7w=="
		},
		"@saekitominaga/htmlformelement-submit-overlay": {
			"version": "2.1.0",
			"resolved": "https://registry.npmjs.org/@saekitominaga/htmlformelement-submit-overlay/-/htmlformelement-submit-overlay-2.1.0.tgz",
			"integrity": "sha512-ABNajdulBag5nLIvgkYBykfg8JbxaaRfww4XtMq9o8Opl67vQPhmO6NqnYe6Yj+Ip8h5VaOK56HZlWXYemsA8A=="
		},
		"@saekitominaga/htmltablecellelement-ditto": {
			"version": "1.1.8",
			"resolved": "https://registry.npmjs.org/@saekitominaga/htmltablecellelement-ditto/-/htmltablecellelement-ditto-1.1.8.tgz",
			"integrity": "sha512-rVckgR+8Sk+/9XVyiIeFaCNJFt51syjDEPMo55vgOHc46jAArj4P6UGWamAwzBgOQ+c6pH4HwxLuJ5163Say/Q==",
			"requires": {
				"@saekitominaga/htmlelement-text": "^1.2.2"
			}
		},
		"@saekitominaga/mime-parser": {
			"version": "1.2.1",
			"resolved": "https://registry.npmjs.org/@saekitominaga/mime-parser/-/mime-parser-1.2.1.tgz",
			"integrity": "sha512-vsLYbYWcM0/LoZQL5/8b3UX80DvTlcEE5Un9i4cMqeekn/mM3f+K++tBSU1bwLBmNK/FJ9YEuc63u2dvK6UDpg=="
		},
		"@saekitominaga/paapi-item-image-url-parser": {
			"version": "2.2.4",
			"resolved": "https://registry.npmjs.org/@saekitominaga/paapi-item-image-url-parser/-/paapi-item-image-url-parser-2.2.4.tgz",
			"integrity": "sha512-BWpM66tfEtfvlehmh9/Orx3NBkDMUjSIpOrZ8AGeKcNDNaroHpmx29Rp3AhItvV6hNBnEBCgSpWjiWD+TUx2uA=="
		},
		"@saekitominaga/report-js-error": {
			"version": "1.2.3",
			"resolved": "https://registry.npmjs.org/@saekitominaga/report-js-error/-/report-js-error-1.2.3.tgz",
			"integrity": "sha512-/cVIOIsioDe2LkchAo9uRocRJ/vv7mwHA+iyyOVtKkQI+sj9O/np9GK7h6RtR+kWixyjx0hBm1dRsFytrSKkEA=="
		},
		"@saekitominaga/report-same-referrer": {
			"version": "1.1.3",
			"resolved": "https://registry.npmjs.org/@saekitominaga/report-same-referrer/-/report-same-referrer-1.1.3.tgz",
			"integrity": "sha512-Y/aWU20e6Qhq25VCqu67gMfhBzEz5mlvXeTJz1X0jfcOGobW8ua+7f8bBqXyQ47lS3Oah6J0zM1O8wYPBrL5QQ=="
		},
		"@saekitominaga/string-convert": {
			"version": "1.0.4",
			"resolved": "https://registry.npmjs.org/@saekitominaga/string-convert/-/string-convert-1.0.4.tgz",
			"integrity": "sha512-wxJTphXpR7WfGYWmwWnoalcMWEkcpHSvEsdk6GsSZrT/JPnGk5zx/cVMkW55nbxUbIQ7XS45TOZqoYx8LXOIWw=="
		}
	}
}
